{
  "originHash" : "8470dfe384ec887fe8c770b9f8680be41fa33e41c13babbac293eb1263543b3e",
  "pins" : [
    {
      "identity" : "swift-argument-parser",
      "kind" : "remoteSourceControl",
      "location" : "https://github.com/apple/swift-argument-parser",
      "state" : {
        "revision" : "6a52f3251125d74daf04fcbd5e6f08a75d074382",
        "version" : "1.8.2"
      }
    },
    {
      "identity" : "swiftterm",
      "kind" : "remoteSourceControl",
      "location" : "https://github.com/ysftrn/SwiftTerm",
      "state" : {
        "branch" : "notchterm-margin-fix",
        "revision" : "f7254ea07656815693f5b06a3d4c64bd13db6747"
      }
    }
  ],
  "version" : 3
}
